
Microsoft Visual Studio Solution File, Format Version 12.00
# Visual Studio 15
VisualStudioVersion = 15.0.27004.2008
MinimumVisualStudioVersion = 10.0.40219.1
Project("{FAE04EC0-301F-11D3-BF4B-00C04F79EFBC}") = "EComerceMVC", "EComerceMVC\EComerceMVC.csproj", "{B93EA56C-0484-4EEA-9DAB-EAB2D6539517}"
EndProject
Global
	GlobalSection(SolutionConfigurationPlatforms) = preSolution
		Debug|Any CPU = Debug|Any CPU
		Release|Any CPU = Release|Any CPU
	EndGlobalSection
	GlobalSection(ProjectConfigurationPlatforms) = postSolution
		{B93EA56C-0484-4EEA-9DAB-EAB2D6539517}.Debug|Any CPU.ActiveCfg = Debug|Any CPU
		{B93EA56C-0484-4EEA-9DAB-EAB2D6539517}.Debug|Any CPU.Build.0 = Debug|Any CPU
		{B93EA56C-0484-4EEA-9DAB-EAB2D6539517}.Release|Any CPU.ActiveCfg = Release|Any CPU
		{B93EA56C-0484-4EEA-9DAB-EAB2D6539517}.Release|Any CPU.Build.0 = Release|Any CPU
	EndGlobalSection
	GlobalSection(SolutionProperties) = preSolution
		HideSolutionNode = FALSE
	EndGlobalSection
	GlobalSection(ExtensibilityGlobals) = postSolution
		SolutionGuid = {61358302-D783-474C-A630-EB2F688590EB}
	EndGlobalSection
EndGlobal
